// !$*UTF8*$!
{
	archiveVersion = 1;
	classes = {
	};
	objectVersion = 46;
	objects = {

/* Begin PBXBuildFile section */
		4352D1AB0CDB020709BD1665 /* libPods.a in Frameworks */ = {isa = PBXBuildFile; fileRef = BB04162B6EFC0EBE830E944E /* libPods.a */; };
		8DAB09C81CE2FE2500750778 /* AppRootViewController.m in Sources */ = {isa = PBXBuildFile; fileRef = 8DAB09C71CE2FE2500750778 /* AppRootViewController.m */; };
		8DAB09CE1CE3061800750778 /* AppNormalViewController.m in Sources */ = {isa = PBXBuildFile; fileRef = 8DAB09CC1CE3061800750778 /* AppNormalViewController.m */; };
		8DAB09CF1CE3061800750778 /* AppNormalViewController.xib in Resources */ = {isa = PBXBuildFile; fileRef = 8DAB09CD1CE3061800750778 /* AppNormalViewController.xib */; };
		8DAB09D31CE306E100750778 /* AppSuggestViewController.m in Sources */ = {isa = PBXBuildFile; fileRef = 8DAB09D11CE306E100750778 /* AppSuggestViewController.m */; };
		8DAB09D41CE306E100750778 /* AppSuggestViewController.xib in Resources */ = {isa = PBXBuildFile; fileRef = 8DAB09D21CE306E100750778 /* AppSuggestViewController.xib */; };
		8DC063DC1CE0669400337AD4 /* main.m in Sources */ = {isa = PBXBuildFile; fileRef = 8DC063DB1CE0669400337AD4 /* main.m */; };
		8DC063DF1CE0669400337AD4 /* AppDelegate.m in Sources */ = {isa = PBXBuildFile; fileRef = 8DC063DE1CE0669400337AD4 /* AppDelegate.m */; };
		8DC063E51CE0669400337AD4 /* Main.storyboard in Resources */ = {isa = PBXBuildFile; fileRef = 8DC063E31CE0669400337AD4 /* Main.storyboard */; };
		8DC063E71CE0669400337AD4 /* Assets.xcassets in Resources */ = {isa = PBXBuildFile; fileRef = 8DC063E61CE0669400337AD4 /* Assets.xcassets */; };
		8DC063EA1CE0669400337AD4 /* LaunchScreen.storyboard in Resources */ = {isa = PBXBuildFile; fileRef = 8DC063E81CE0669400337AD4 /* LaunchScreen.storyboard */; };
		8DC064031CE066A500337AD4 /* DZBaseRequest.m in Sources */ = {isa = PBXBuildFile; fileRef = 8DC063F31CE066A500337AD4 /* DZBaseRequest.m */; };
		8DC064041CE066A500337AD4 /* DZBatchRequest.m in Sources */ = {isa = PBXBuildFile; fileRef = 8DC063F51CE066A500337AD4 /* DZBatchRequest.m */; };
		8DC064051CE066A500337AD4 /* DZBatchRequestManager.m in Sources */ = {isa = PBXBuildFile; fileRef = 8DC063F71CE066A500337AD4 /* DZBatchRequestManager.m */; };
		8DC064061CE066A500337AD4 /* DZChainRequest.m in Sources */ = {isa = PBXBuildFile; fileRef = 8DC063F91CE066A500337AD4 /* DZChainRequest.m */; };
		8DC064071CE066A500337AD4 /* DZChainRequestManager.m in Sources */ = {isa = PBXBuildFile; fileRef = 8DC063FB1CE066A500337AD4 /* DZChainRequestManager.m */; };
		8DC064081CE066A500337AD4 /* DZRequestConst.m in Sources */ = {isa = PBXBuildFile; fileRef = 8DC063FE1CE066A500337AD4 /* DZRequestConst.m */; };
		8DC064091CE066A500337AD4 /* DZRequestManager.m in Sources */ = {isa = PBXBuildFile; fileRef = 8DC064001CE066A500337AD4 /* DZRequestManager.m */; };
		8DC064171CE0672700337AD4 /* NSMutableDictionary+DZRequest.m in Sources */ = {isa = PBXBuildFile; fileRef = 8DC064161CE0672700337AD4 /* NSMutableDictionary+DZRequest.m */; };
/* End PBXBuildFile section */

/* Begin PBXFileReference section */
		8DAB09C61CE2FE2500750778 /* AppRootViewController.h */ = {isa = PBXFileReference; fileEncoding = 4; lastKnownFileType = sourcecode.c.h; path = AppRootViewController.h; sourceTree = "<group>"; };
		8DAB09C71CE2FE2500750778 /* AppRootViewController.m */ = {isa = PBXFileReference; fileEncoding = 4; lastKnownFileType = sourcecode.c.objc; path = AppRootViewController.m; sourceTree = "<group>"; };
		8DAB09CB1CE3061800750778 /* AppNormalViewController.h */ = {isa = PBXFileReference; fileEncoding = 4; lastKnownFileType = sourcecode.c.h; path = AppNormalViewController.h; sourceTree = "<group>"; };
		8DAB09CC1CE3061800750778 /* AppNormalViewController.m */ = {isa = PBXFileReference; fileEncoding = 4; lastKnownFileType = sourcecode.c.objc; path = AppNormalViewController.m; sourceTree = "<group>"; };
		8DAB09CD1CE3061800750778 /* AppNormalViewController.xib */ = {isa = PBXFileReference; fileEncoding = 4; lastKnownFileType = file.xib; path = AppNormalViewController.xib; sourceTree = "<group>"; };
		8DAB09D01CE306E100750778 /* AppSuggestViewController.h */ = {isa = PBXFileReference; fileEncoding = 4; lastKnownFileType = sourcecode.c.h; path = AppSuggestViewController.h; sourceTree = "<group>"; };
		8DAB09D11CE306E100750778 /* AppSuggestViewController.m */ = {isa = PBXFileReference; fileEncoding = 4; lastKnownFileType = sourcecode.c.objc; path = AppSuggestViewController.m; sourceTree = "<group>"; };
		8DAB09D21CE306E100750778 /* AppSuggestViewController.xib */ = {isa = PBXFileReference; fileEncoding = 4; lastKnownFileType = file.xib; path = AppSuggestViewController.xib; sourceTree = "<group>"; };
		8DC063D71CE0669400337AD4 /* DZRequestDemo.app */ = {isa = PBXFileReference; explicitFileType = wrapper.application; includeInIndex = 0; path = DZRequestDemo.app; sourceTree = BUILT_PRODUCTS_DIR; };
		8DC063DB1CE0669400337AD4 /* main.m */ = {isa = PBXFileReference; lastKnownFileType = sourcecode.c.objc; path = main.m; sourceTree = "<group>"; };
		8DC063DD1CE0669400337AD4 /* AppDelegate.h */ = {isa = PBXFileReference; lastKnownFileType = sourcecode.c.h; path = AppDelegate.h; sourceTree = "<group>"; };
		8DC063DE1CE0669400337AD4 /* AppDelegate.m */ = {isa = PBXFileReference; lastKnownFileType = sourcecode.c.objc; path = AppDelegate.m; sourceTree = "<group>"; };
		8DC063E41CE0669400337AD4 /* Base */ = {isa = PBXFileReference; lastKnownFileType = file.storyboard; name = Base; path = Base.lproj/Main.storyboard; sourceTree = "<group>"; };
		8DC063E61CE0669400337AD4 /* Assets.xcassets */ = {isa = PBXFileReference; lastKnownFileType = folder.assetcatalog; path = Assets.xcassets; sourceTree = "<group>"; };
		8DC063E91CE0669400337AD4 /* Base */ = {isa = PBXFileReference; lastKnownFileType = file.storyboard; name = Base; path = Base.lproj/LaunchScreen.storyboard; sourceTree = "<group>"; };
		8DC063EB1CE0669400337AD4 /* Info.plist */ = {isa = PBXFileReference; lastKnownFileType = text.plist.xml; path = Info.plist; sourceTree = "<group>"; };
		8DC063F21CE066A500337AD4 /* DZBaseRequest.h */ = {isa = PBXFileReference; fileEncoding = 4; lastKnownFileType = sourcecode.c.h; path = DZBaseRequest.h; sourceTree = "<group>"; };
		8DC063F31CE066A500337AD4 /* DZBaseRequest.m */ = {isa = PBXFileReference; fileEncoding = 4; lastKnownFileType = sourcecode.c.objc; path = DZBaseRequest.m; sourceTree = "<group>"; };
		8DC063F41CE066A500337AD4 /* DZBatchRequest.h */ = {isa = PBXFileReference; fileEncoding = 4; lastKnownFileType = sourcecode.c.h; path = DZBatchRequest.h; sourceTree = "<group>"; };
		8DC063F51CE066A500337AD4 /* DZBatchRequest.m */ = {isa = PBXFileReference; fileEncoding = 4; lastKnownFileType = sourcecode.c.objc; path = DZBatchRequest.m; sourceTree = "<group>"; };
		8DC063F61CE066A500337AD4 /* DZBatchRequestManager.h */ = {isa = PBXFileReference; fileEncoding = 4; lastKnownFileType = sourcecode.c.h; path = DZBatchRequestManager.h; sourceTree = "<group>"; };
		8DC063F71CE066A500337AD4 /* DZBatchRequestManager.m */ = {isa = PBXFileReference; fileEncoding = 4; lastKnownFileType = sourcecode.c.objc; path = DZBatchRequestManager.m; sourceTree = "<group>"; };
		8DC063F81CE066A500337AD4 /* DZChainRequest.h */ = {isa = PBXFileReference; fileEncoding = 4; lastKnownFileType = sourcecode.c.h; path = DZChainRequest.h; sourceTree = "<group>"; };
		8DC063F91CE066A500337AD4 /* DZChainRequest.m */ = {isa = PBXFileReference; fileEncoding = 4; lastKnownFileType = sourcecode.c.objc; path = DZChainRequest.m; sourceTree = "<group>"; };
		8DC063FA1CE066A500337AD4 /* DZChainRequestManager.h */ = {isa = PBXFileReference; fileEncoding = 4; lastKnownFileType = sourcecode.c.h; path = DZChainRequestManager.h; sourceTree = "<group>"; };
		8DC063FB1CE066A500337AD4 /* DZChainRequestManager.m */ = {isa = PBXFileReference; fileEncoding = 4; lastKnownFileType = sourcecode.c.objc; path = DZChainRequestManager.m; sourceTree = "<group>"; };
		8DC063FC1CE066A500337AD4 /* DZRequest.h */ = {isa = PBXFileReference; fileEncoding = 4; lastKnownFileType = sourcecode.c.h; path = DZRequest.h; sourceTree = "<group>"; };
		8DC063FD1CE066A500337AD4 /* DZRequestConst.h */ = {isa = PBXFileReference; fileEncoding = 4; lastKnownFileType = sourcecode.c.h; path = DZRequestConst.h; sourceTree = "<group>"; };
		8DC063FE1CE066A500337AD4 /* DZRequestConst.m */ = {isa = PBXFileReference; fileEncoding = 4; lastKnownFileType = sourcecode.c.objc; path = DZRequestConst.m; sourceTree = "<group>"; };
		8DC063FF1CE066A500337AD4 /* DZRequestManager.h */ = {isa = PBXFileReference; fileEncoding = 4; lastKnownFileType = sourcecode.c.h; path = DZRequestManager.h; sourceTree = "<group>"; };
		8DC064001CE066A500337AD4 /* DZRequestManager.m */ = {isa = PBXFileReference; fileEncoding = 4; lastKnownFileType = sourcecode.c.objc; path = DZRequestManager.m; sourceTree = "<group>"; };
		8DC064151CE0672700337AD4 /* NSMutableDictionary+DZRequest.h */ = {isa = PBXFileReference; fileEncoding = 4; lastKnownFileType = sourcecode.c.h; path = "NSMutableDictionary+DZRequest.h"; sourceTree = "<group>"; };
		8DC064161CE0672700337AD4 /* NSMutableDictionary+DZRequest.m */ = {isa = PBXFileReference; fileEncoding = 4; lastKnownFileType = sourcecode.c.objc; path = "NSMutableDictionary+DZRequest.m"; sourceTree = "<group>"; };
		B8EE35B5FB72FF2DE852D598 /* Pods.release.xcconfig */ = {isa = PBXFileReference; includeInIndex = 1; lastKnownFileType = text.xcconfig; name = Pods.release.xcconfig; path = "Pods/Target Support Files/Pods/Pods.release.xcconfig"; sourceTree = "<group>"; };
		BB04162B6EFC0EBE830E944E /* libPods.a */ = {isa = PBXFileReference; explicitFileType = archive.ar; includeInIndex = 0; path = libPods.a; sourceTree = BUILT_PRODUCTS_DIR; };
		DB3D176F5003CE76331CC6F4 /* Pods.debug.xcconfig */ = {isa = PBXFileReference; includeInIndex = 1; lastKnownFileType = text.xcconfig; name = Pods.debug.xcconfig; path = "Pods/Target Support Files/Pods/Pods.debug.xcconfig"; sourceTree = "<group>"; };
/* End PBXFileReference section */

/* Begin PBXFrameworksBuildPhase section */
		8DC063D41CE0669400337AD4 /* Frameworks */ = {
			isa = PBXFrameworksBuildPhase;
			buildActionMask = 2147483647;
			files = (
				4352D1AB0CDB020709BD1665 /* libPods.a in Frameworks */,
			);
			runOnlyForDeploymentPostprocessing = 0;
		};
/* End PBXFrameworksBuildPhase section */

/* Begin PBXGroup section */
		0DCCF473E8F137F5D058E420 /* Frameworks */ = {
			isa = PBXGroup;
			children = (
				BB04162B6EFC0EBE830E944E /* libPods.a */,
			);
			name = Frameworks;
			sourceTree = "<group>";
		};
		8DAB09C91CE300FB00750778 /* Normal */ = {
			isa = PBXGroup;
			children = (
				8DAB09CB1CE3061800750778 /* AppNormalViewController.h */,
				8DAB09CC1CE3061800750778 /* AppNormalViewController.m */,
				8DAB09CD1CE3061800750778 /* AppNormalViewController.xib */,
			);
			name = Normal;
			sourceTree = "<group>";
		};
		8DAB09CA1CE305EE00750778 /* Suggest */ = {
			isa = PBXGroup;
			children = (
				8DAB09D01CE306E100750778 /* AppSuggestViewController.h */,
				8DAB09D11CE306E100750778 /* AppSuggestViewController.m */,
				8DAB09D21CE306E100750778 /* AppSuggestViewController.xib */,
			);
			name = Suggest;
			sourceTree = "<group>";
		};
		8DC063CE1CE0669400337AD4 = {
			isa = PBXGroup;
			children = (
				8DC063F11CE066A500337AD4 /* DZRequest */,
				8DC063D91CE0669400337AD4 /* DZRequestDemo */,
				8DC063D81CE0669400337AD4 /* Products */,
				BAA5B5FD9269F32C5E0780F8 /* Pods */,
				0DCCF473E8F137F5D058E420 /* Frameworks */,
			);
			sourceTree = "<group>";
		};
		8DC063D81CE0669400337AD4 /* Products */ = {
			isa = PBXGroup;
			children = (
				8DC063D71CE0669400337AD4 /* DZRequestDemo.app */,
			);
			name = Products;
			sourceTree = "<group>";
		};
		8DC063D91CE0669400337AD4 /* DZRequestDemo */ = {
			isa = PBXGroup;
			children = (
				8DC0640B1CE066D900337AD4 /* Classes */,
				8DC063DA1CE0669400337AD4 /* Supporting Files */,
			);
			path = DZRequestDemo;
			sourceTree = "<group>";
		};
		8DC063DA1CE0669400337AD4 /* Supporting Files */ = {
			isa = PBXGroup;
			children = (
				8DC063E31CE0669400337AD4 /* Main.storyboard */,
				8DC063E61CE0669400337AD4 /* Assets.xcassets */,
				8DC063E81CE0669400337AD4 /* LaunchScreen.storyboard */,
				8DC063EB1CE0669400337AD4 /* Info.plist */,
				8DC063DD1CE0669400337AD4 /* AppDelegate.h */,
				8DC063DE1CE0669400337AD4 /* AppDelegate.m */,
				8DC064151CE0672700337AD4 /* NSMutableDictionary+DZRequest.h */,
				8DC064161CE0672700337AD4 /* NSMutableDictionary+DZRequest.m */,
				8DC063DB1CE0669400337AD4 /* main.m */,
				8DAB09C61CE2FE2500750778 /* AppRootViewController.h */,
				8DAB09C71CE2FE2500750778 /* AppRootViewController.m */,
			);
			name = "Supporting Files";
			sourceTree = "<group>";
		};
		8DC063F11CE066A500337AD4 /* DZRequest */ = {
			isa = PBXGroup;
			children = (
				8DC063F21CE066A500337AD4 /* DZBaseRequest.h */,
				8DC063F31CE066A500337AD4 /* DZBaseRequest.m */,
				8DC063F41CE066A500337AD4 /* DZBatchRequest.h */,
				8DC063F51CE066A500337AD4 /* DZBatchRequest.m */,
				8DC063F61CE066A500337AD4 /* DZBatchRequestManager.h */,
				8DC063F71CE066A500337AD4 /* DZBatchRequestManager.m */,
				8DC063F81CE066A500337AD4 /* DZChainRequest.h */,
				8DC063F91CE066A500337AD4 /* DZChainRequest.m */,
				8DC063FA1CE066A500337AD4 /* DZChainRequestManager.h */,
				8DC063FB1CE066A500337AD4 /* DZChainRequestManager.m */,
				8DC063FD1CE066A500337AD4 /* DZRequestConst.h */,
				8DC063FE1CE066A500337AD4 /* DZRequestConst.m */,
				8DC063FF1CE066A500337AD4 /* DZRequestManager.h */,
				8DC064001CE066A500337AD4 /* DZRequestManager.m */,
				8DC063FC1CE066A500337AD4 /* DZRequest.h */,
			);
			path = DZRequest;
			sourceTree = "<group>";
		};
		8DC0640B1CE066D900337AD4 /* Classes */ = {
			isa = PBXGroup;
			children = (
				8DAB09C91CE300FB00750778 /* Normal */,
				8DAB09CA1CE305EE00750778 /* Suggest */,
			);
			path = Classes;
			sourceTree = "<group>";
		};
		BAA5B5FD9269F32C5E0780F8 /* Pods */ = {
			isa = PBXGroup;
			children = (
				DB3D176F5003CE76331CC6F4 /* Pods.debug.xcconfig */,
				B8EE35B5FB72FF2DE852D598 /* Pods.release.xcconfig */,
			);
			name = Pods;
			sourceTree = "<group>";
		};
/* End PBXGroup section */

/* Begin PBXNativeTarget section */
		8DC063D61CE0669400337AD4 /* DZRequestDemo */ = {
			isa = PBXNativeTarget;
			buildConfigurationList = 8DC063EE1CE0669400337AD4 /* Build configuration list for PBXNativeTarget "DZRequestDemo" */;
			buildPhases = (
				75EE519E0DA604781ED920A8 /* Check Pods Manifest.lock */,
				8DC063D31CE0669400337AD4 /* Sources */,
				8DC063D41CE0669400337AD4 /* Frameworks */,
				8DC063D51CE0669400337AD4 /* Resources */,
				96393DD5040BB397D16C8ABA /* Embed Pods Frameworks */,
				79495691994D19E93D563BD3 /* Copy Pods Resources */,
			);
			buildRules = (
			);
			dependencies = (
			);
			name = DZRequestDemo;
			productName = DZRequestDemo;
			productReference = 8DC063D71CE0669400337AD4 /* DZRequestDemo.app */;
			productType = "com.apple.product-type.application";
		};
/* End PBXNativeTarget section */

/* Begin PBXProject section */
		8DC063CF1CE0669400337AD4 /* Project object */ = {
			isa = PBXProject;
			attributes = {
				LastUpgradeCheck = 0730;
				ORGANIZATIONNAME = DaZuo;
				TargetAttributes = {
					8DC063D61CE0669400337AD4 = {
						CreatedOnToolsVersion = 7.3.1;
					};
				};
			};
			buildConfigurationList = 8DC063D21CE0669400337AD4 /* Build configuration list for PBXProject "DZRequestDemo" */;
			compatibilityVersion = "Xcode 3.2";
			developmentRegion = English;
			hasScannedForEncodings = 0;
			knownRegions = (
				en,
				Base,
			);
			mainGroup = 8DC063CE1CE0669400337AD4;
			productRefGroup = 8DC063D81CE0669400337AD4 /* Products */;
			projectDirPath = "";
			projectRoot = "";
			targets = (
				8DC063D61CE0669400337AD4 /* DZRequestDemo */,
			);
		};
/* End PBXProject section */

/* Begin PBXResourcesBuildPhase section */
		8DC063D51CE0669400337AD4 /* Resources */ = {
			isa = PBXResourcesBuildPhase;
			buildActionMask = 2147483647;
			files = (
				8DAB09D41CE306E100750778 /* AppSuggestViewController.xib in Resources */,
				8DC063EA1CE0669400337AD4 /* LaunchScreen.storyboard in Resources */,
				8DAB09CF1CE3061800750778 /* AppNormalViewController.xib in Resources */,
				8DC063E71CE0669400337AD4 /* Assets.xcassets in Resources */,
				8DC063E51CE0669400337AD4 /* Main.storyboard in Resources */,
			);
			runOnlyForDeploymentPostprocessing = 0;
		};
/* End PBXResourcesBuildPhase section */

/* Begin PBXShellScriptBuildPhase section */
		75EE519E0DA604781ED920A8 /* Check Pods Manifest.lock */ = {
			isa = PBXShellScriptBuildPhase;
			buildActionMask = 2147483647;
			files = (
			);
			inputPaths = (
			);
			name = "Check Pods Manifest.lock";
			outputPaths = (
			);
			runOnlyForDeploymentPostprocessing = 0;
			shellPath = /bin/sh;
			shellScript = "diff \"${PODS_ROOT}/../Podfile.lock\" \"${PODS_ROOT}/Manifest.lock\" > /dev/null\nif [[ $? != 0 ]] ; then\n    cat << EOM\nerror: The sandbox is not in sync with the Podfile.lock. Run 'pod install' or update your CocoaPods installation.\nEOM\n    exit 1\nfi\n";
			showEnvVarsInLog = 0;
		};
		79495691994D19E93D563BD3 /* Copy Pods Resources */ = {
			isa = PBXShellScriptBuildPhase;
			buildActionMask = 2147483647;
			files = (
			);
			inputPaths = (
			);
			name = "Copy Pods Resources";
			outputPaths = (
			);
			runOnlyForDeploymentPostprocessing = 0;
			shellPath = /bin/sh;
			shellScript = "\"${SRCROOT}/Pods/Target Support Files/Pods/Pods-resources.sh\"\n";
			showEnvVarsInLog = 0;
		};
		96393DD5040BB397D16C8ABA /* Embed Pods Frameworks */ = {
			isa = PBXShellScriptBuildPhase;
			buildActionMask = 2147483647;
			files = (
			);
			inputPaths = (
			);
			name = "Embed Pods Frameworks";
			outputPaths = (
			);
			runOnlyForDeploymentPostprocessing = 0;
			shellPath = /bin/sh;
			shellScript = "\"${SRCROOT}/Pods/Target Support Files/Pods/Pods-frameworks.sh\"\n";
			showEnvVarsInLog = 0;
		};
/* End PBXShellScriptBuildPhase section */

/* Begin PBXSourcesBuildPhase section */
		8DC063D31CE0669400337AD4 /* Sources */ = {
			isa = PBXSourcesBuildPhase;
			buildActionMask = 2147483647;
			files = (
				8DC064051CE066A500337AD4 /* DZBatchRequestManager.m in Sources */,
				8DC064031CE066A500337AD4 /* DZBaseRequest.m in Sources */,
				8DC064061CE066A500337AD4 /* DZChainRequest.m in Sources */,
				8DAB09CE1CE3061800750778 /* AppNormalViewController.m in Sources */,
				8DC064171CE0672700337AD4 /* NSMutableDictionary+DZRequest.m in Sources */,
				8DAB09C81CE2FE2500750778 /* AppRootViewController.m in Sources */,
				8DC063DF1CE0669400337AD4 /* AppDelegate.m in Sources */,
				8DAB09D31CE306E100750778 /* AppSuggestViewController.m in Sources */,
				8DC063DC1CE0669400337AD4 /* main.m in Sources */,
				8DC064081CE066A500337AD4 /* DZRequestConst.m in Sources */,
				8DC064041CE066A500337AD4 /* DZBatchRequest.m in Sources */,
				8DC064071CE066A500337AD4 /* DZChainRequestManager.m in Sources */,
				8DC064091CE066A500337AD4 /* DZRequestManager.m in Sources */,
			);
			runOnlyForDeploymentPostprocessing = 0;
		};
/* End PBXSourcesBuildPhase section */

/* Begin PBXVariantGroup section */
		8DC063E31CE0669400337AD4 /* Main.storyboard */ = {
			isa = PBXVariantGroup;
			children = (
				8DC063E41CE0669400337AD4 /* Base */,
			);
			name = Main.storyboard;
			sourceTree = "<group>";
		};
		8DC063E81CE0669400337AD4 /* LaunchScreen.storyboard */ = {
			isa = PBXVariantGroup;
			children = (
				8DC063E91CE0669400337AD4 /* Base */,
			);
			name = LaunchScreen.storyboard;
			sourceTree = "<group>";
		};
/* End PBXVariantGroup section */

/* Begin XCBuildConfiguration section */
		8DC063EC1CE0669400337AD4 /* Debug */ = {
			isa = XCBuildConfiguration;
			buildSettings = {
				ALWAYS_SEARCH_USER_PATHS = NO;
				CLANG_ANALYZER_NONNULL = YES;
				CLANG_CXX_LANGUAGE_STANDARD = "gnu++0x";
				CLANG_CXX_LIBRARY = "libc++";
				CLANG_ENABLE_MODULES = YES;
				CLANG_ENABLE_OBJC_ARC = YES;
				CLANG_WARN_BOOL_CONVERSION = YES;
				CLANG_WARN_CONSTANT_CONVERSION = YES;
				CLANG_WARN_DIRECT_OBJC_ISA_USAGE = YES_ERROR;
				CLANG_WARN_EMPTY_BODY = YES;
				CLANG_WARN_ENUM_CONVERSION = YES;
				CLANG_WARN_INT_CONVERSION = YES;
				CLANG_WARN_OBJC_ROOT_CLASS = YES_ERROR;
				CLANG_WARN_UNREACHABLE_CODE = YES;
				CLANG_WARN__DUPLICATE_METHOD_MATCH = YES;
				"CODE_SIGN_IDENTITY[sdk=iphoneos*]" = "iPhone Developer";
				COPY_PHASE_STRIP = NO;
				DEBUG_INFORMATION_FORMAT = dwarf;
				ENABLE_STRICT_OBJC_MSGSEND = YES;
				ENABLE_TESTABILITY = YES;
				GCC_C_LANGUAGE_STANDARD = gnu99;
				GCC_DYNAMIC_NO_PIC = NO;
				GCC_NO_COMMON_BLOCKS = YES;
				GCC_OPTIMIZATION_LEVEL = 0;
				GCC_PREPROCESSOR_DEFINITIONS = (
					"DEBUG=1",
					"$(inherited)",
				);
				GCC_WARN_64_TO_32_BIT_CONVERSION = YES;
				GCC_WARN_ABOUT_RETURN_TYPE = YES_ERROR;
				GCC_WARN_UNDECLARED_SELECTOR = YES;
				GCC_WARN_UNINITIALIZED_AUTOS = YES_AGGRESSIVE;
				GCC_WARN_UNUSED_FUNCTION = YES;
				GCC_WARN_UNUSED_VARIABLE = YES;
				IPHONEOS_DEPLOYMENT_TARGET = 9.3;
				MTL_ENABLE_DEBUG_INFO = YES;
				ONLY_ACTIVE_ARCH = YES;
				SDKROOT = iphoneos;
				TARGETED_DEVICE_FAMILY = "1,2";
			};
			name = Debug;
		};
		8DC063ED1CE0669400337AD4 /* Release */ = {
			isa = XCBuildConfiguration;
			buildSettings = {
				ALWAYS_SEARCH_USER_PATHS = NO;
				CLANG_ANALYZER_NONNULL = YES;
				CLANG_CXX_LANGUAGE_STANDARD = "gnu++0x";
				CLANG_CXX_LIBRARY = "libc++";
				CLANG_ENABLE_MODULES = YES;
				CLANG_ENABLE_OBJC_ARC = YES;
				CLANG_WARN_BOOL_CONVERSION = YES;
				CLANG_WARN_CONSTANT_CONVERSION = YES;
				CLANG_WARN_DIRECT_OBJC_ISA_USAGE = YES_ERROR;
				CLANG_WARN_EMPTY_BODY = YES;
				CLANG_WARN_ENUM_CONVERSION = YES;
				CLANG_WARN_INT_CONVERSION = YES;
				CLANG_WARN_OBJC_ROOT_CLASS = YES_ERROR;
				CLANG_WARN_UNREACHABLE_CODE = YES;
				CLANG_WARN__DUPLICATE_METHOD_MATCH = YES;
				"CODE_SIGN_IDENTITY[sdk=iphoneos*]" = "iPhone Developer";
				COPY_PHASE_STRIP = NO;
				DEBUG_INFORMATION_FORMAT = "dwarf-with-dsym";
				ENABLE_NS_ASSERTIONS = NO;
				ENABLE_STRICT_OBJC_MSGSEND = YES;
				GCC_C_LANGUAGE_STANDARD = gnu99;
				GCC_NO_COMMON_BLOCKS = YES;
				GCC_WARN_64_TO_32_BIT_CONVERSION = YES;
				GCC_WARN_ABOUT_RETURN_TYPE = YES_ERROR;
				GCC_WARN_UNDECLARED_SELECTOR = YES;
				GCC_WARN_UNINITIALIZED_AUTOS = YES_AGGRESSIVE;
				GCC_WARN_UNUSED_FUNCTION = YES;
				GCC_WARN_UNUSED_VARIABLE = YES;
				IPHONEOS_DEPLOYMENT_TARGET = 9.3;
				MTL_ENABLE_DEBUG_INFO = NO;
				SDKROOT = iphoneos;
				TARGETED_DEVICE_FAMILY = "1,2";
				VALIDATE_PRODUCT = YES;
			};
			name = Release;
		};
		8DC063EF1CE0669400337AD4 /* Debug */ = {
			isa = XCBuildConfiguration;
			baseConfigurationReference = DB3D176F5003CE76331CC6F4 /* Pods.debug.xcconfig */;
			buildSettings = {
				ASSETCATALOG_COMPILER_APPICON_NAME = AppIcon;
				INFOPLIST_FILE = DZRequestDemo/Info.plist;
				IPHONEOS_DEPLOYMENT_TARGET = 7.0;
				LD_RUNPATH_SEARCH_PATHS = "$(inherited) @executable_path/Frameworks";
				PRODUCT_BUNDLE_IDENTIFIER = dazuo.github.io.DZRequestDemo;
				PRODUCT_NAME = "$(TARGET_NAME)";
			};
			name = Debug;
		};
		8DC063F01CE0669400337AD4 /* Release */ = {
			isa = XCBuildConfiguration;
			baseConfigurationReference = B8EE35B5FB72FF2DE852D598 /* Pods.release.xcconfig */;
			buildSettings = {
				ASSETCATALOG_COMPILER_APPICON_NAME = AppIcon;
				INFOPLIST_FILE = DZRequestDemo/Info.plist;
				IPHONEOS_DEPLOYMENT_TARGET = 7.0;
				LD_RUNPATH_SEARCH_PATHS = "$(inherited) @executable_path/Frameworks";
				PRODUCT_BUNDLE_IDENTIFIER = dazuo.github.io.DZRequestDemo;
				PRODUCT_NAME = "$(TARGET_NAME)";
			};
			name = Release;
		};
/* End XCBuildConfiguration section */

/* Begin XCConfigurationList section */
		8DC063D21CE0669400337AD4 /* Build configuration list for PBXProject "DZRequestDemo" */ = {
			isa = XCConfigurationList;
			buildConfigurations = (
				8DC063EC1CE0669400337AD4 /* Debug */,
				8DC063ED1CE0669400337AD4 /* Release */,
			);
			defaultConfigurationIsVisible = 0;
			defaultConfigurationName = Release;
		};
		8DC063EE1CE0669400337AD4 /* Build configuration list for PBXNativeTarget "DZRequestDemo" */ = {
			isa = XCConfigurationList;
			buildConfigurations = (
				8DC063EF1CE0669400337AD4 /* Debug */,
				8DC063F01CE0669400337AD4 /* Release */,
			);
			defaultConfigurationIsVisible = 0;
			defaultConfigurationName = Release;
		};
/* End XCConfigurationList section */
	};
	rootObject = 8DC063CF1CE0669400337AD4 /* Project object */;
}
