// !$*UTF8*$!
{
	archiveVersion = 1;
	classes = {
	};
	objectVersion = 46;
	objects = {

/* Begin PBXBuildFile section */
		8D0998881CE620CB0083295F /* DZChainRequestViewController.m in Sources */ = {isa = PBXBuildFile; fileRef = 8D0998871CE620CB0083295F /* DZChainRequestViewController.m */; };
		8D9D92CE1CFC34B500BC6249 /* AFHTTPSessionManager.m in Sources */ = {isa = PBXBuildFile; fileRef = 8D9D92C21CFC34B500BC6249 /* AFHTTPSessionManager.m */; };
		8D9D92CF1CFC34B500BC6249 /* AFNetworkReachabilityManager.m in Sources */ = {isa = PBXBuildFile; fileRef = 8D9D92C51CFC34B500BC6249 /* AFNetworkReachabilityManager.m */; };
		8D9D92D01CFC34B500BC6249 /* AFSecurityPolicy.m in Sources */ = {isa = PBXBuildFile; fileRef = 8D9D92C71CFC34B500BC6249 /* AFSecurityPolicy.m */; };
		8D9D92D11CFC34B500BC6249 /* AFURLRequestSerialization.m in Sources */ = {isa = PBXBuildFile; fileRef = 8D9D92C91CFC34B500BC6249 /* AFURLRequestSerialization.m */; };
		8D9D92D21CFC34B500BC6249 /* AFURLResponseSerialization.m in Sources */ = {isa = PBXBuildFile; fileRef = 8D9D92CB1CFC34B500BC6249 /* AFURLResponseSerialization.m */; };
		8D9D92D31CFC34B500BC6249 /* AFURLSessionManager.m in Sources */ = {isa = PBXBuildFile; fileRef = 8D9D92CD1CFC34B500BC6249 /* AFURLSessionManager.m */; };
		8D9D92E91CFC35F000BC6249 /* AFAutoPurgingImageCache.m in Sources */ = {isa = PBXBuildFile; fileRef = 8D9D92D61CFC35F000BC6249 /* AFAutoPurgingImageCache.m */; };
		8D9D92EA1CFC35F000BC6249 /* AFImageDownloader.m in Sources */ = {isa = PBXBuildFile; fileRef = 8D9D92D81CFC35F000BC6249 /* AFImageDownloader.m */; };
		8D9D92EB1CFC35F000BC6249 /* AFNetworkActivityIndicatorManager.m in Sources */ = {isa = PBXBuildFile; fileRef = 8D9D92DA1CFC35F000BC6249 /* AFNetworkActivityIndicatorManager.m */; };
		8D9D92EC1CFC35F000BC6249 /* UIActivityIndicatorView+AFNetworking.m in Sources */ = {isa = PBXBuildFile; fileRef = 8D9D92DC1CFC35F000BC6249 /* UIActivityIndicatorView+AFNetworking.m */; };
		8D9D92ED1CFC35F000BC6249 /* UIButton+AFNetworking.m in Sources */ = {isa = PBXBuildFile; fileRef = 8D9D92DE1CFC35F000BC6249 /* UIButton+AFNetworking.m */; };
		8D9D92EE1CFC35F000BC6249 /* UIImageView+AFNetworking.m in Sources */ = {isa = PBXBuildFile; fileRef = 8D9D92E11CFC35F000BC6249 /* UIImageView+AFNetworking.m */; };
		8D9D92EF1CFC35F000BC6249 /* UIProgressView+AFNetworking.m in Sources */ = {isa = PBXBuildFile; fileRef = 8D9D92E41CFC35F000BC6249 /* UIProgressView+AFNetworking.m */; };
		8D9D92F01CFC35F000BC6249 /* UIRefreshControl+AFNetworking.m in Sources */ = {isa = PBXBuildFile; fileRef = 8D9D92E61CFC35F000BC6249 /* UIRefreshControl+AFNetworking.m */; };
		8D9D92F11CFC35F000BC6249 /* UIWebView+AFNetworking.m in Sources */ = {isa = PBXBuildFile; fileRef = 8D9D92E81CFC35F000BC6249 /* UIWebView+AFNetworking.m */; };
		8DB31C9C1CE4997F0076CD18 /* DZSignInViewController.m in Sources */ = {isa = PBXBuildFile; fileRef = 8DB31C9B1CE4997F0076CD18 /* DZSignInViewController.m */; };
		8DBB407C1CF20BE000167EFE /* DZAppBaseRequest.m in Sources */ = {isa = PBXBuildFile; fileRef = 8DBB407B1CF20BE000167EFE /* DZAppBaseRequest.m */; };
		8DBB407F1CF20DAB00167EFE /* DZGetTeamFeedsRequest.m in Sources */ = {isa = PBXBuildFile; fileRef = 8DBB407E1CF20DAB00167EFE /* DZGetTeamFeedsRequest.m */; };
		8DBB40821CF20DEB00167EFE /* DZGetUserFeedsRequest.m in Sources */ = {isa = PBXBuildFile; fileRef = 8DBB40811CF20DEB00167EFE /* DZGetUserFeedsRequest.m */; };
		8DC063DC1CE0669400337AD4 /* main.m in Sources */ = {isa = PBXBuildFile; fileRef = 8DC063DB1CE0669400337AD4 /* main.m */; };
		8DC063DF1CE0669400337AD4 /* AppDelegate.m in Sources */ = {isa = PBXBuildFile; fileRef = 8DC063DE1CE0669400337AD4 /* AppDelegate.m */; };
		8DC063E51CE0669400337AD4 /* Main.storyboard in Resources */ = {isa = PBXBuildFile; fileRef = 8DC063E31CE0669400337AD4 /* Main.storyboard */; };
		8DC063E71CE0669400337AD4 /* Assets.xcassets in Resources */ = {isa = PBXBuildFile; fileRef = 8DC063E61CE0669400337AD4 /* Assets.xcassets */; };
		8DC063EA1CE0669400337AD4 /* LaunchScreen.storyboard in Resources */ = {isa = PBXBuildFile; fileRef = 8DC063E81CE0669400337AD4 /* LaunchScreen.storyboard */; };
		8DC064031CE066A500337AD4 /* DZBaseRequest.m in Sources */ = {isa = PBXBuildFile; fileRef = 8DC063F31CE066A500337AD4 /* DZBaseRequest.m */; };
		8DC064041CE066A500337AD4 /* DZBatchRequest.m in Sources */ = {isa = PBXBuildFile; fileRef = 8DC063F51CE066A500337AD4 /* DZBatchRequest.m */; };
		8DC064061CE066A500337AD4 /* DZChainRequest.m in Sources */ = {isa = PBXBuildFile; fileRef = 8DC063F91CE066A500337AD4 /* DZChainRequest.m */; };
		8DC064081CE066A500337AD4 /* DZRequestConst.m in Sources */ = {isa = PBXBuildFile; fileRef = 8DC063FE1CE066A500337AD4 /* DZRequestConst.m */; };
		8DC064171CE0672700337AD4 /* NSMutableDictionary+DZRequest.m in Sources */ = {isa = PBXBuildFile; fileRef = 8DC064161CE0672700337AD4 /* NSMutableDictionary+DZRequest.m */; };
		8DD28EF01CEA0B3A005A027B /* DZBatchRequestViewController.m in Sources */ = {isa = PBXBuildFile; fileRef = 8DD28EEF1CEA0B3A005A027B /* DZBatchRequestViewController.m */; };
		8DDD014D1CE4E25A004FFF47 /* DZSignInRequest.m in Sources */ = {isa = PBXBuildFile; fileRef = 8DDD014C1CE4E25A004FFF47 /* DZSignInRequest.m */; };
		8DDD014F1CE4EA75004FFF47 /* avatar.jpg in Resources */ = {isa = PBXBuildFile; fileRef = 8DDD014E1CE4EA75004FFF47 /* avatar.jpg */; };
		8DDD01521CE4EA99004FFF47 /* DZChangeAvatarViewController.m in Sources */ = {isa = PBXBuildFile; fileRef = 8DDD01511CE4EA99004FFF47 /* DZChangeAvatarViewController.m */; };
		8DDD01551CE4EB05004FFF47 /* DZChangeAvatarRequest.m in Sources */ = {isa = PBXBuildFile; fileRef = 8DDD01541CE4EB05004FFF47 /* DZChangeAvatarRequest.m */; };
/* End PBXBuildFile section */

/* Begin PBXFileReference section */
		8D0998861CE620CB0083295F /* DZChainRequestViewController.h */ = {isa = PBXFileReference; fileEncoding = 4; lastKnownFileType = sourcecode.c.h; path = DZChainRequestViewController.h; sourceTree = "<group>"; };
		8D0998871CE620CB0083295F /* DZChainRequestViewController.m */ = {isa = PBXFileReference; fileEncoding = 4; lastKnownFileType = sourcecode.c.objc; path = DZChainRequestViewController.m; sourceTree = "<group>"; };
		8D9D92C11CFC34B500BC6249 /* AFHTTPSessionManager.h */ = {isa = PBXFileReference; fileEncoding = 4; lastKnownFileType = sourcecode.c.h; path = AFHTTPSessionManager.h; sourceTree = "<group>"; };
		8D9D92C21CFC34B500BC6249 /* AFHTTPSessionManager.m */ = {isa = PBXFileReference; fileEncoding = 4; lastKnownFileType = sourcecode.c.objc; path = AFHTTPSessionManager.m; sourceTree = "<group>"; };
		8D9D92C31CFC34B500BC6249 /* AFNetworking.h */ = {isa = PBXFileReference; fileEncoding = 4; lastKnownFileType = sourcecode.c.h; path = AFNetworking.h; sourceTree = "<group>"; };
		8D9D92C41CFC34B500BC6249 /* AFNetworkReachabilityManager.h */ = {isa = PBXFileReference; fileEncoding = 4; lastKnownFileType = sourcecode.c.h; path = AFNetworkReachabilityManager.h; sourceTree = "<group>"; };
		8D9D92C51CFC34B500BC6249 /* AFNetworkReachabilityManager.m */ = {isa = PBXFileReference; fileEncoding = 4; lastKnownFileType = sourcecode.c.objc; path = AFNetworkReachabilityManager.m; sourceTree = "<group>"; };
		8D9D92C61CFC34B500BC6249 /* AFSecurityPolicy.h */ = {isa = PBXFileReference; fileEncoding = 4; lastKnownFileType = sourcecode.c.h; path = AFSecurityPolicy.h; sourceTree = "<group>"; };
		8D9D92C71CFC34B500BC6249 /* AFSecurityPolicy.m */ = {isa = PBXFileReference; fileEncoding = 4; lastKnownFileType = sourcecode.c.objc; path = AFSecurityPolicy.m; sourceTree = "<group>"; };
		8D9D92C81CFC34B500BC6249 /* AFURLRequestSerialization.h */ = {isa = PBXFileReference; fileEncoding = 4; lastKnownFileType = sourcecode.c.h; path = AFURLRequestSerialization.h; sourceTree = "<group>"; };
		8D9D92C91CFC34B500BC6249 /* AFURLRequestSerialization.m */ = {isa = PBXFileReference; fileEncoding = 4; lastKnownFileType = sourcecode.c.objc; path = AFURLRequestSerialization.m; sourceTree = "<group>"; };
		8D9D92CA1CFC34B500BC6249 /* AFURLResponseSerialization.h */ = {isa = PBXFileReference; fileEncoding = 4; lastKnownFileType = sourcecode.c.h; path = AFURLResponseSerialization.h; sourceTree = "<group>"; };
		8D9D92CB1CFC34B500BC6249 /* AFURLResponseSerialization.m */ = {isa = PBXFileReference; fileEncoding = 4; lastKnownFileType = sourcecode.c.objc; path = AFURLResponseSerialization.m; sourceTree = "<group>"; };
		8D9D92CC1CFC34B500BC6249 /* AFURLSessionManager.h */ = {isa = PBXFileReference; fileEncoding = 4; lastKnownFileType = sourcecode.c.h; path = AFURLSessionManager.h; sourceTree = "<group>"; };
		8D9D92CD1CFC34B500BC6249 /* AFURLSessionManager.m */ = {isa = PBXFileReference; fileEncoding = 4; lastKnownFileType = sourcecode.c.objc; path = AFURLSessionManager.m; sourceTree = "<group>"; };
		8D9D92D51CFC35F000BC6249 /* AFAutoPurgingImageCache.h */ = {isa = PBXFileReference; fileEncoding = 4; lastKnownFileType = sourcecode.c.h; path = AFAutoPurgingImageCache.h; sourceTree = "<group>"; };
		8D9D92D61CFC35F000BC6249 /* AFAutoPurgingImageCache.m */ = {isa = PBXFileReference; fileEncoding = 4; lastKnownFileType = sourcecode.c.objc; path = AFAutoPurgingImageCache.m; sourceTree = "<group>"; };
		8D9D92D71CFC35F000BC6249 /* AFImageDownloader.h */ = {isa = PBXFileReference; fileEncoding = 4; lastKnownFileType = sourcecode.c.h; path = AFImageDownloader.h; sourceTree = "<group>"; };
		8D9D92D81CFC35F000BC6249 /* AFImageDownloader.m */ = {isa = PBXFileReference; fileEncoding = 4; lastKnownFileType = sourcecode.c.objc; path = AFImageDownloader.m; sourceTree = "<group>"; };
		8D9D92D91CFC35F000BC6249 /* AFNetworkActivityIndicatorManager.h */ = {isa = PBXFileReference; fileEncoding = 4; lastKnownFileType = sourcecode.c.h; path = AFNetworkActivityIndicatorManager.h; sourceTree = "<group>"; };
		8D9D92DA1CFC35F000BC6249 /* AFNetworkActivityIndicatorManager.m */ = {isa = PBXFileReference; fileEncoding = 4; lastKnownFileType = sourcecode.c.objc; path = AFNetworkActivityIndicatorManager.m; sourceTree = "<group>"; };
		8D9D92DB1CFC35F000BC6249 /* UIActivityIndicatorView+AFNetworking.h */ = {isa = PBXFileReference; fileEncoding = 4; lastKnownFileType = sourcecode.c.h; path = "UIActivityIndicatorView+AFNetworking.h"; sourceTree = "<group>"; };
		8D9D92DC1CFC35F000BC6249 /* UIActivityIndicatorView+AFNetworking.m */ = {isa = PBXFileReference; fileEncoding = 4; lastKnownFileType = sourcecode.c.objc; path = "UIActivityIndicatorView+AFNetworking.m"; sourceTree = "<group>"; };
		8D9D92DD1CFC35F000BC6249 /* UIButton+AFNetworking.h */ = {isa = PBXFileReference; fileEncoding = 4; lastKnownFileType = sourcecode.c.h; path = "UIButton+AFNetworking.h"; sourceTree = "<group>"; };
		8D9D92DE1CFC35F000BC6249 /* UIButton+AFNetworking.m */ = {isa = PBXFileReference; fileEncoding = 4; lastKnownFileType = sourcecode.c.objc; path = "UIButton+AFNetworking.m"; sourceTree = "<group>"; };
		8D9D92DF1CFC35F000BC6249 /* UIImage+AFNetworking.h */ = {isa = PBXFileReference; fileEncoding = 4; lastKnownFileType = sourcecode.c.h; path = "UIImage+AFNetworking.h"; sourceTree = "<group>"; };
		8D9D92E01CFC35F000BC6249 /* UIImageView+AFNetworking.h */ = {isa = PBXFileReference; fileEncoding = 4; lastKnownFileType = sourcecode.c.h; path = "UIImageView+AFNetworking.h"; sourceTree = "<group>"; };
		8D9D92E11CFC35F000BC6249 /* UIImageView+AFNetworking.m */ = {isa = PBXFileReference; fileEncoding = 4; lastKnownFileType = sourcecode.c.objc; path = "UIImageView+AFNetworking.m"; sourceTree = "<group>"; };
		8D9D92E21CFC35F000BC6249 /* UIKit+AFNetworking.h */ = {isa = PBXFileReference; fileEncoding = 4; lastKnownFileType = sourcecode.c.h; path = "UIKit+AFNetworking.h"; sourceTree = "<group>"; };
		8D9D92E31CFC35F000BC6249 /* UIProgressView+AFNetworking.h */ = {isa = PBXFileReference; fileEncoding = 4; lastKnownFileType = sourcecode.c.h; path = "UIProgressView+AFNetworking.h"; sourceTree = "<group>"; };
		8D9D92E41CFC35F000BC6249 /* UIProgressView+AFNetworking.m */ = {isa = PBXFileReference; fileEncoding = 4; lastKnownFileType = sourcecode.c.objc; path = "UIProgressView+AFNetworking.m"; sourceTree = "<group>"; };
		8D9D92E51CFC35F000BC6249 /* UIRefreshControl+AFNetworking.h */ = {isa = PBXFileReference; fileEncoding = 4; lastKnownFileType = sourcecode.c.h; path = "UIRefreshControl+AFNetworking.h"; sourceTree = "<group>"; };
		8D9D92E61CFC35F000BC6249 /* UIRefreshControl+AFNetworking.m */ = {isa = PBXFileReference; fileEncoding = 4; lastKnownFileType = sourcecode.c.objc; path = "UIRefreshControl+AFNetworking.m"; sourceTree = "<group>"; };
		8D9D92E71CFC35F000BC6249 /* UIWebView+AFNetworking.h */ = {isa = PBXFileReference; fileEncoding = 4; lastKnownFileType = sourcecode.c.h; path = "UIWebView+AFNetworking.h"; sourceTree = "<group>"; };
		8D9D92E81CFC35F000BC6249 /* UIWebView+AFNetworking.m */ = {isa = PBXFileReference; fileEncoding = 4; lastKnownFileType = sourcecode.c.objc; path = "UIWebView+AFNetworking.m"; sourceTree = "<group>"; };
		8DB31C9A1CE4997F0076CD18 /* DZSignInViewController.h */ = {isa = PBXFileReference; fileEncoding = 4; lastKnownFileType = sourcecode.c.h; path = DZSignInViewController.h; sourceTree = "<group>"; };
		8DB31C9B1CE4997F0076CD18 /* DZSignInViewController.m */ = {isa = PBXFileReference; fileEncoding = 4; lastKnownFileType = sourcecode.c.objc; path = DZSignInViewController.m; sourceTree = "<group>"; };
		8DBB407A1CF20BE000167EFE /* DZAppBaseRequest.h */ = {isa = PBXFileReference; fileEncoding = 4; lastKnownFileType = sourcecode.c.h; path = DZAppBaseRequest.h; sourceTree = "<group>"; };
		8DBB407B1CF20BE000167EFE /* DZAppBaseRequest.m */ = {isa = PBXFileReference; fileEncoding = 4; lastKnownFileType = sourcecode.c.objc; path = DZAppBaseRequest.m; sourceTree = "<group>"; };
		8DBB407D1CF20DAB00167EFE /* DZGetTeamFeedsRequest.h */ = {isa = PBXFileReference; fileEncoding = 4; lastKnownFileType = sourcecode.c.h; path = DZGetTeamFeedsRequest.h; sourceTree = "<group>"; };
		8DBB407E1CF20DAB00167EFE /* DZGetTeamFeedsRequest.m */ = {isa = PBXFileReference; fileEncoding = 4; lastKnownFileType = sourcecode.c.objc; path = DZGetTeamFeedsRequest.m; sourceTree = "<group>"; };
		8DBB40801CF20DEB00167EFE /* DZGetUserFeedsRequest.h */ = {isa = PBXFileReference; fileEncoding = 4; lastKnownFileType = sourcecode.c.h; path = DZGetUserFeedsRequest.h; sourceTree = "<group>"; };
		8DBB40811CF20DEB00167EFE /* DZGetUserFeedsRequest.m */ = {isa = PBXFileReference; fileEncoding = 4; lastKnownFileType = sourcecode.c.objc; path = DZGetUserFeedsRequest.m; sourceTree = "<group>"; };
		8DC063D71CE0669400337AD4 /* DZRequestDemo.app */ = {isa = PBXFileReference; explicitFileType = wrapper.application; includeInIndex = 0; path = DZRequestDemo.app; sourceTree = BUILT_PRODUCTS_DIR; };
		8DC063DB1CE0669400337AD4 /* main.m */ = {isa = PBXFileReference; lastKnownFileType = sourcecode.c.objc; path = main.m; sourceTree = "<group>"; };
		8DC063DD1CE0669400337AD4 /* AppDelegate.h */ = {isa = PBXFileReference; lastKnownFileType = sourcecode.c.h; path = AppDelegate.h; sourceTree = "<group>"; };
		8DC063DE1CE0669400337AD4 /* AppDelegate.m */ = {isa = PBXFileReference; lastKnownFileType = sourcecode.c.objc; path = AppDelegate.m; sourceTree = "<group>"; };
		8DC063E41CE0669400337AD4 /* Base */ = {isa = PBXFileReference; lastKnownFileType = file.storyboard; name = Base; path = Base.lproj/Main.storyboard; sourceTree = "<group>"; };
		8DC063E61CE0669400337AD4 /* Assets.xcassets */ = {isa = PBXFileReference; lastKnownFileType = folder.assetcatalog; path = Assets.xcassets; sourceTree = "<group>"; };
		8DC063E91CE0669400337AD4 /* Base */ = {isa = PBXFileReference; lastKnownFileType = file.storyboard; name = Base; path = Base.lproj/LaunchScreen.storyboard; sourceTree = "<group>"; };
		8DC063EB1CE0669400337AD4 /* Info.plist */ = {isa = PBXFileReference; lastKnownFileType = text.plist.xml; path = Info.plist; sourceTree = "<group>"; };
		8DC063F21CE066A500337AD4 /* DZBaseRequest.h */ = {isa = PBXFileReference; fileEncoding = 4; lastKnownFileType = sourcecode.c.h; path = DZBaseRequest.h; sourceTree = "<group>"; };
		8DC063F31CE066A500337AD4 /* DZBaseRequest.m */ = {isa = PBXFileReference; fileEncoding = 4; lastKnownFileType = sourcecode.c.objc; path = DZBaseRequest.m; sourceTree = "<group>"; };
		8DC063F41CE066A500337AD4 /* DZBatchRequest.h */ = {isa = PBXFileReference; fileEncoding = 4; lastKnownFileType = sourcecode.c.h; path = DZBatchRequest.h; sourceTree = "<group>"; };
		8DC063F51CE066A500337AD4 /* DZBatchRequest.m */ = {isa = PBXFileReference; fileEncoding = 4; lastKnownFileType = sourcecode.c.objc; path = DZBatchRequest.m; sourceTree = "<group>"; };
		8DC063F81CE066A500337AD4 /* DZChainRequest.h */ = {isa = PBXFileReference; fileEncoding = 4; lastKnownFileType = sourcecode.c.h; path = DZChainRequest.h; sourceTree = "<group>"; };
		8DC063F91CE066A500337AD4 /* DZChainRequest.m */ = {isa = PBXFileReference; fileEncoding = 4; lastKnownFileType = sourcecode.c.objc; path = DZChainRequest.m; sourceTree = "<group>"; };
		8DC063FC1CE066A500337AD4 /* DZRequest.h */ = {isa = PBXFileReference; fileEncoding = 4; lastKnownFileType = sourcecode.c.h; path = DZRequest.h; sourceTree = "<group>"; };
		8DC063FD1CE066A500337AD4 /* DZRequestConst.h */ = {isa = PBXFileReference; fileEncoding = 4; lastKnownFileType = sourcecode.c.h; path = DZRequestConst.h; sourceTree = "<group>"; };
		8DC063FE1CE066A500337AD4 /* DZRequestConst.m */ = {isa = PBXFileReference; fileEncoding = 4; lastKnownFileType = sourcecode.c.objc; path = DZRequestConst.m; sourceTree = "<group>"; };
		8DC064151CE0672700337AD4 /* NSMutableDictionary+DZRequest.h */ = {isa = PBXFileReference; fileEncoding = 4; lastKnownFileType = sourcecode.c.h; path = "NSMutableDictionary+DZRequest.h"; sourceTree = "<group>"; };
		8DC064161CE0672700337AD4 /* NSMutableDictionary+DZRequest.m */ = {isa = PBXFileReference; fileEncoding = 4; lastKnownFileType = sourcecode.c.objc; path = "NSMutableDictionary+DZRequest.m"; sourceTree = "<group>"; };
		8DD28EEE1CEA0B3A005A027B /* DZBatchRequestViewController.h */ = {isa = PBXFileReference; fileEncoding = 4; lastKnownFileType = sourcecode.c.h; path = DZBatchRequestViewController.h; sourceTree = "<group>"; };
		8DD28EEF1CEA0B3A005A027B /* DZBatchRequestViewController.m */ = {isa = PBXFileReference; fileEncoding = 4; lastKnownFileType = sourcecode.c.objc; path = DZBatchRequestViewController.m; sourceTree = "<group>"; };
		8DDD014B1CE4E25A004FFF47 /* DZSignInRequest.h */ = {isa = PBXFileReference; fileEncoding = 4; lastKnownFileType = sourcecode.c.h; path = DZSignInRequest.h; sourceTree = "<group>"; };
		8DDD014C1CE4E25A004FFF47 /* DZSignInRequest.m */ = {isa = PBXFileReference; fileEncoding = 4; lastKnownFileType = sourcecode.c.objc; path = DZSignInRequest.m; sourceTree = "<group>"; };
		8DDD014E1CE4EA75004FFF47 /* avatar.jpg */ = {isa = PBXFileReference; lastKnownFileType = image.jpeg; path = avatar.jpg; sourceTree = "<group>"; };
		8DDD01501CE4EA99004FFF47 /* DZChangeAvatarViewController.h */ = {isa = PBXFileReference; fileEncoding = 4; lastKnownFileType = sourcecode.c.h; path = DZChangeAvatarViewController.h; sourceTree = "<group>"; };
		8DDD01511CE4EA99004FFF47 /* DZChangeAvatarViewController.m */ = {isa = PBXFileReference; fileEncoding = 4; lastKnownFileType = sourcecode.c.objc; path = DZChangeAvatarViewController.m; sourceTree = "<group>"; };
		8DDD01531CE4EB05004FFF47 /* DZChangeAvatarRequest.h */ = {isa = PBXFileReference; fileEncoding = 4; lastKnownFileType = sourcecode.c.h; path = DZChangeAvatarRequest.h; sourceTree = "<group>"; };
		8DDD01541CE4EB05004FFF47 /* DZChangeAvatarRequest.m */ = {isa = PBXFileReference; fileEncoding = 4; lastKnownFileType = sourcecode.c.objc; path = DZChangeAvatarRequest.m; sourceTree = "<group>"; };
/* End PBXFileReference section */

/* Begin PBXFrameworksBuildPhase section */
		8DC063D41CE0669400337AD4 /* Frameworks */ = {
			isa = PBXFrameworksBuildPhase;
			buildActionMask = 2147483647;
			files = (
			);
			runOnlyForDeploymentPostprocessing = 0;
		};
/* End PBXFrameworksBuildPhase section */

/* Begin PBXGroup section */
		705CB52B74A196A4522354D7 /* Frameworks */ = {
			isa = PBXGroup;
			children = (
			);
			name = Frameworks;
			sourceTree = "<group>";
		};
		8D9D92C01CFC34B500BC6249 /* AFNetworking */ = {
			isa = PBXGroup;
			children = (
				8D9D92C11CFC34B500BC6249 /* AFHTTPSessionManager.h */,
				8D9D92C21CFC34B500BC6249 /* AFHTTPSessionManager.m */,
				8D9D92C31CFC34B500BC6249 /* AFNetworking.h */,
				8D9D92C41CFC34B500BC6249 /* AFNetworkReachabilityManager.h */,
				8D9D92C51CFC34B500BC6249 /* AFNetworkReachabilityManager.m */,
				8D9D92C61CFC34B500BC6249 /* AFSecurityPolicy.h */,
				8D9D92C71CFC34B500BC6249 /* AFSecurityPolicy.m */,
				8D9D92C81CFC34B500BC6249 /* AFURLRequestSerialization.h */,
				8D9D92C91CFC34B500BC6249 /* AFURLRequestSerialization.m */,
				8D9D92CA1CFC34B500BC6249 /* AFURLResponseSerialization.h */,
				8D9D92CB1CFC34B500BC6249 /* AFURLResponseSerialization.m */,
				8D9D92CC1CFC34B500BC6249 /* AFURLSessionManager.h */,
				8D9D92CD1CFC34B500BC6249 /* AFURLSessionManager.m */,
			);
			path = AFNetworking;
			sourceTree = "<group>";
		};
		8D9D92D41CFC35F000BC6249 /* UIKit+AFNetworking */ = {
			isa = PBXGroup;
			children = (
				8D9D92D51CFC35F000BC6249 /* AFAutoPurgingImageCache.h */,
				8D9D92D61CFC35F000BC6249 /* AFAutoPurgingImageCache.m */,
				8D9D92D71CFC35F000BC6249 /* AFImageDownloader.h */,
				8D9D92D81CFC35F000BC6249 /* AFImageDownloader.m */,
				8D9D92D91CFC35F000BC6249 /* AFNetworkActivityIndicatorManager.h */,
				8D9D92DA1CFC35F000BC6249 /* AFNetworkActivityIndicatorManager.m */,
				8D9D92DB1CFC35F000BC6249 /* UIActivityIndicatorView+AFNetworking.h */,
				8D9D92DC1CFC35F000BC6249 /* UIActivityIndicatorView+AFNetworking.m */,
				8D9D92DD1CFC35F000BC6249 /* UIButton+AFNetworking.h */,
				8D9D92DE1CFC35F000BC6249 /* UIButton+AFNetworking.m */,
				8D9D92DF1CFC35F000BC6249 /* UIImage+AFNetworking.h */,
				8D9D92E01CFC35F000BC6249 /* UIImageView+AFNetworking.h */,
				8D9D92E11CFC35F000BC6249 /* UIImageView+AFNetworking.m */,
				8D9D92E21CFC35F000BC6249 /* UIKit+AFNetworking.h */,
				8D9D92E31CFC35F000BC6249 /* UIProgressView+AFNetworking.h */,
				8D9D92E41CFC35F000BC6249 /* UIProgressView+AFNetworking.m */,
				8D9D92E51CFC35F000BC6249 /* UIRefreshControl+AFNetworking.h */,
				8D9D92E61CFC35F000BC6249 /* UIRefreshControl+AFNetworking.m */,
				8D9D92E71CFC35F000BC6249 /* UIWebView+AFNetworking.h */,
				8D9D92E81CFC35F000BC6249 /* UIWebView+AFNetworking.m */,
			);
			path = "UIKit+AFNetworking";
			sourceTree = "<group>";
		};
		8DC063CE1CE0669400337AD4 = {
			isa = PBXGroup;
			children = (
				8D9D92D41CFC35F000BC6249 /* UIKit+AFNetworking */,
				8D9D92C01CFC34B500BC6249 /* AFNetworking */,
				8DC063F11CE066A500337AD4 /* DZRequest */,
				8DC063D91CE0669400337AD4 /* DZRequestDemo */,
				8DC063D81CE0669400337AD4 /* Products */,
				705CB52B74A196A4522354D7 /* Frameworks */,
			);
			sourceTree = "<group>";
		};
		8DC063D81CE0669400337AD4 /* Products */ = {
			isa = PBXGroup;
			children = (
				8DC063D71CE0669400337AD4 /* DZRequestDemo.app */,
			);
			name = Products;
			sourceTree = "<group>";
		};
		8DC063D91CE0669400337AD4 /* DZRequestDemo */ = {
			isa = PBXGroup;
			children = (
				8DDD014E1CE4EA75004FFF47 /* avatar.jpg */,
				8DBB407A1CF20BE000167EFE /* DZAppBaseRequest.h */,
				8DBB407B1CF20BE000167EFE /* DZAppBaseRequest.m */,
				8DDD014B1CE4E25A004FFF47 /* DZSignInRequest.h */,
				8DDD014C1CE4E25A004FFF47 /* DZSignInRequest.m */,
				8DB31C9A1CE4997F0076CD18 /* DZSignInViewController.h */,
				8DB31C9B1CE4997F0076CD18 /* DZSignInViewController.m */,
				8DDD01531CE4EB05004FFF47 /* DZChangeAvatarRequest.h */,
				8DDD01541CE4EB05004FFF47 /* DZChangeAvatarRequest.m */,
				8DDD01501CE4EA99004FFF47 /* DZChangeAvatarViewController.h */,
				8DDD01511CE4EA99004FFF47 /* DZChangeAvatarViewController.m */,
				8DBB407D1CF20DAB00167EFE /* DZGetTeamFeedsRequest.h */,
				8DBB407E1CF20DAB00167EFE /* DZGetTeamFeedsRequest.m */,
				8DBB40801CF20DEB00167EFE /* DZGetUserFeedsRequest.h */,
				8DBB40811CF20DEB00167EFE /* DZGetUserFeedsRequest.m */,
				8DD28EEE1CEA0B3A005A027B /* DZBatchRequestViewController.h */,
				8DD28EEF1CEA0B3A005A027B /* DZBatchRequestViewController.m */,
				8D0998861CE620CB0083295F /* DZChainRequestViewController.h */,
				8D0998871CE620CB0083295F /* DZChainRequestViewController.m */,
				8DC063DA1CE0669400337AD4 /* Supporting Files */,
			);
			path = DZRequestDemo;
			sourceTree = "<group>";
		};
		8DC063DA1CE0669400337AD4 /* Supporting Files */ = {
			isa = PBXGroup;
			children = (
				8DC063E31CE0669400337AD4 /* Main.storyboard */,
				8DC063E61CE0669400337AD4 /* Assets.xcassets */,
				8DC063E81CE0669400337AD4 /* LaunchScreen.storyboard */,
				8DC063EB1CE0669400337AD4 /* Info.plist */,
				8DC063DD1CE0669400337AD4 /* AppDelegate.h */,
				8DC063DE1CE0669400337AD4 /* AppDelegate.m */,
				8DC064151CE0672700337AD4 /* NSMutableDictionary+DZRequest.h */,
				8DC064161CE0672700337AD4 /* NSMutableDictionary+DZRequest.m */,
				8DC063DB1CE0669400337AD4 /* main.m */,
			);
			name = "Supporting Files";
			sourceTree = "<group>";
		};
		8DC063F11CE066A500337AD4 /* DZRequest */ = {
			isa = PBXGroup;
			children = (
				8DC063F21CE066A500337AD4 /* DZBaseRequest.h */,
				8DC063F31CE066A500337AD4 /* DZBaseRequest.m */,
				8DC063F41CE066A500337AD4 /* DZBatchRequest.h */,
				8DC063F51CE066A500337AD4 /* DZBatchRequest.m */,
				8DC063F81CE066A500337AD4 /* DZChainRequest.h */,
				8DC063F91CE066A500337AD4 /* DZChainRequest.m */,
				8DC063FD1CE066A500337AD4 /* DZRequestConst.h */,
				8DC063FE1CE066A500337AD4 /* DZRequestConst.m */,
				8DC063FC1CE066A500337AD4 /* DZRequest.h */,
			);
			path = DZRequest;
			sourceTree = "<group>";
		};
/* End PBXGroup section */

/* Begin PBXNativeTarget section */
		8DC063D61CE0669400337AD4 /* DZRequestDemo */ = {
			isa = PBXNativeTarget;
			buildConfigurationList = 8DC063EE1CE0669400337AD4 /* Build configuration list for PBXNativeTarget "DZRequestDemo" */;
			buildPhases = (
				8DC063D31CE0669400337AD4 /* Sources */,
				8DC063D41CE0669400337AD4 /* Frameworks */,
				8DC063D51CE0669400337AD4 /* Resources */,
			);
			buildRules = (
			);
			dependencies = (
			);
			name = DZRequestDemo;
			productName = DZRequestDemo;
			productReference = 8DC063D71CE0669400337AD4 /* DZRequestDemo.app */;
			productType = "com.apple.product-type.application";
		};
/* End PBXNativeTarget section */

/* Begin PBXProject section */
		8DC063CF1CE0669400337AD4 /* Project object */ = {
			isa = PBXProject;
			attributes = {
				LastUpgradeCheck = 0730;
				ORGANIZATIONNAME = DaZuo;
				TargetAttributes = {
					8DC063D61CE0669400337AD4 = {
						CreatedOnToolsVersion = 7.3.1;
					};
				};
			};
			buildConfigurationList = 8DC063D21CE0669400337AD4 /* Build configuration list for PBXProject "DZRequestDemo" */;
			compatibilityVersion = "Xcode 3.2";
			developmentRegion = English;
			hasScannedForEncodings = 0;
			knownRegions = (
				en,
				Base,
			);
			mainGroup = 8DC063CE1CE0669400337AD4;
			productRefGroup = 8DC063D81CE0669400337AD4 /* Products */;
			projectDirPath = "";
			projectRoot = "";
			targets = (
				8DC063D61CE0669400337AD4 /* DZRequestDemo */,
			);
		};
/* End PBXProject section */

/* Begin PBXResourcesBuildPhase section */
		8DC063D51CE0669400337AD4 /* Resources */ = {
			isa = PBXResourcesBuildPhase;
			buildActionMask = 2147483647;
			files = (
				8DDD014F1CE4EA75004FFF47 /* avatar.jpg in Resources */,
				8DC063EA1CE0669400337AD4 /* LaunchScreen.storyboard in Resources */,
				8DC063E71CE0669400337AD4 /* Assets.xcassets in Resources */,
				8DC063E51CE0669400337AD4 /* Main.storyboard in Resources */,
			);
			runOnlyForDeploymentPostprocessing = 0;
		};
/* End PBXResourcesBuildPhase section */

/* Begin PBXSourcesBuildPhase section */
		8DC063D31CE0669400337AD4 /* Sources */ = {
			isa = PBXSourcesBuildPhase;
			buildActionMask = 2147483647;
			files = (
				8DD28EF01CEA0B3A005A027B /* DZBatchRequestViewController.m in Sources */,
				8DBB407F1CF20DAB00167EFE /* DZGetTeamFeedsRequest.m in Sources */,
				8D9D92F01CFC35F000BC6249 /* UIRefreshControl+AFNetworking.m in Sources */,
				8D9D92ED1CFC35F000BC6249 /* UIButton+AFNetworking.m in Sources */,
				8DC064031CE066A500337AD4 /* DZBaseRequest.m in Sources */,
				8DC064061CE066A500337AD4 /* DZChainRequest.m in Sources */,
				8DB31C9C1CE4997F0076CD18 /* DZSignInViewController.m in Sources */,
				8DDD01551CE4EB05004FFF47 /* DZChangeAvatarRequest.m in Sources */,
				8DC064171CE0672700337AD4 /* NSMutableDictionary+DZRequest.m in Sources */,
				8D9D92E91CFC35F000BC6249 /* AFAutoPurgingImageCache.m in Sources */,
				8D9D92D11CFC34B500BC6249 /* AFURLRequestSerialization.m in Sources */,
				8DBB407C1CF20BE000167EFE /* DZAppBaseRequest.m in Sources */,
				8D9D92EF1CFC35F000BC6249 /* UIProgressView+AFNetworking.m in Sources */,
				8D9D92D01CFC34B500BC6249 /* AFSecurityPolicy.m in Sources */,
				8DC063DF1CE0669400337AD4 /* AppDelegate.m in Sources */,
				8D9D92EC1CFC35F000BC6249 /* UIActivityIndicatorView+AFNetworking.m in Sources */,
				8DC063DC1CE0669400337AD4 /* main.m in Sources */,
				8D9D92CF1CFC34B500BC6249 /* AFNetworkReachabilityManager.m in Sources */,
				8DDD014D1CE4E25A004FFF47 /* DZSignInRequest.m in Sources */,
				8DC064081CE066A500337AD4 /* DZRequestConst.m in Sources */,
				8D9D92D31CFC34B500BC6249 /* AFURLSessionManager.m in Sources */,
				8D9D92EE1CFC35F000BC6249 /* UIImageView+AFNetworking.m in Sources */,
				8DC064041CE066A500337AD4 /* DZBatchRequest.m in Sources */,
				8D0998881CE620CB0083295F /* DZChainRequestViewController.m in Sources */,
				8DDD01521CE4EA99004FFF47 /* DZChangeAvatarViewController.m in Sources */,
				8D9D92CE1CFC34B500BC6249 /* AFHTTPSessionManager.m in Sources */,
				8D9D92D21CFC34B500BC6249 /* AFURLResponseSerialization.m in Sources */,
				8DBB40821CF20DEB00167EFE /* DZGetUserFeedsRequest.m in Sources */,
				8D9D92F11CFC35F000BC6249 /* UIWebView+AFNetworking.m in Sources */,
				8D9D92EA1CFC35F000BC6249 /* AFImageDownloader.m in Sources */,
				8D9D92EB1CFC35F000BC6249 /* AFNetworkActivityIndicatorManager.m in Sources */,
			);
			runOnlyForDeploymentPostprocessing = 0;
		};
/* End PBXSourcesBuildPhase section */

/* Begin PBXVariantGroup section */
		8DC063E31CE0669400337AD4 /* Main.storyboard */ = {
			isa = PBXVariantGroup;
			children = (
				8DC063E41CE0669400337AD4 /* Base */,
			);
			name = Main.storyboard;
			sourceTree = "<group>";
		};
		8DC063E81CE0669400337AD4 /* LaunchScreen.storyboard */ = {
			isa = PBXVariantGroup;
			children = (
				8DC063E91CE0669400337AD4 /* Base */,
			);
			name = LaunchScreen.storyboard;
			sourceTree = "<group>";
		};
/* End PBXVariantGroup section */

/* Begin XCBuildConfiguration section */
		8DC063EC1CE0669400337AD4 /* Debug */ = {
			isa = XCBuildConfiguration;
			buildSettings = {
				ALWAYS_SEARCH_USER_PATHS = NO;
				CLANG_ANALYZER_NONNULL = YES;
				CLANG_CXX_LANGUAGE_STANDARD = "gnu++0x";
				CLANG_CXX_LIBRARY = "libc++";
				CLANG_ENABLE_MODULES = YES;
				CLANG_ENABLE_OBJC_ARC = YES;
				CLANG_WARN_BOOL_CONVERSION = YES;
				CLANG_WARN_CONSTANT_CONVERSION = YES;
				CLANG_WARN_DIRECT_OBJC_ISA_USAGE = YES_ERROR;
				CLANG_WARN_EMPTY_BODY = YES;
				CLANG_WARN_ENUM_CONVERSION = YES;
				CLANG_WARN_INT_CONVERSION = YES;
				CLANG_WARN_OBJC_ROOT_CLASS = YES_ERROR;
				CLANG_WARN_UNREACHABLE_CODE = YES;
				CLANG_WARN__DUPLICATE_METHOD_MATCH = YES;
				"CODE_SIGN_IDENTITY[sdk=iphoneos*]" = "iPhone Developer";
				COPY_PHASE_STRIP = NO;
				DEBUG_INFORMATION_FORMAT = dwarf;
				ENABLE_STRICT_OBJC_MSGSEND = YES;
				ENABLE_TESTABILITY = YES;
				GCC_C_LANGUAGE_STANDARD = gnu99;
				GCC_DYNAMIC_NO_PIC = NO;
				GCC_NO_COMMON_BLOCKS = YES;
				GCC_OPTIMIZATION_LEVEL = 0;
				GCC_PREPROCESSOR_DEFINITIONS = (
					"DEBUG=1",
					"$(inherited)",
				);
				GCC_WARN_64_TO_32_BIT_CONVERSION = YES;
				GCC_WARN_ABOUT_RETURN_TYPE = YES_ERROR;
				GCC_WARN_UNDECLARED_SELECTOR = YES;
				GCC_WARN_UNINITIALIZED_AUTOS = YES_AGGRESSIVE;
				GCC_WARN_UNUSED_FUNCTION = YES;
				GCC_WARN_UNUSED_VARIABLE = YES;
				IPHONEOS_DEPLOYMENT_TARGET = 9.3;
				MTL_ENABLE_DEBUG_INFO = YES;
				ONLY_ACTIVE_ARCH = YES;
				SDKROOT = iphoneos;
				TARGETED_DEVICE_FAMILY = "1,2";
			};
			name = Debug;
		};
		8DC063ED1CE0669400337AD4 /* Release */ = {
			isa = XCBuildConfiguration;
			buildSettings = {
				ALWAYS_SEARCH_USER_PATHS = NO;
				CLANG_ANALYZER_NONNULL = YES;
				CLANG_CXX_LANGUAGE_STANDARD = "gnu++0x";
				CLANG_CXX_LIBRARY = "libc++";
				CLANG_ENABLE_MODULES = YES;
				CLANG_ENABLE_OBJC_ARC = YES;
				CLANG_WARN_BOOL_CONVERSION = YES;
				CLANG_WARN_CONSTANT_CONVERSION = YES;
				CLANG_WARN_DIRECT_OBJC_ISA_USAGE = YES_ERROR;
				CLANG_WARN_EMPTY_BODY = YES;
				CLANG_WARN_ENUM_CONVERSION = YES;
				CLANG_WARN_INT_CONVERSION = YES;
				CLANG_WARN_OBJC_ROOT_CLASS = YES_ERROR;
				CLANG_WARN_UNREACHABLE_CODE = YES;
				CLANG_WARN__DUPLICATE_METHOD_MATCH = YES;
				"CODE_SIGN_IDENTITY[sdk=iphoneos*]" = "iPhone Developer";
				COPY_PHASE_STRIP = NO;
				DEBUG_INFORMATION_FORMAT = "dwarf-with-dsym";
				ENABLE_NS_ASSERTIONS = NO;
				ENABLE_STRICT_OBJC_MSGSEND = YES;
				GCC_C_LANGUAGE_STANDARD = gnu99;
				GCC_NO_COMMON_BLOCKS = YES;
				GCC_WARN_64_TO_32_BIT_CONVERSION = YES;
				GCC_WARN_ABOUT_RETURN_TYPE = YES_ERROR;
				GCC_WARN_UNDECLARED_SELECTOR = YES;
				GCC_WARN_UNINITIALIZED_AUTOS = YES_AGGRESSIVE;
				GCC_WARN_UNUSED_FUNCTION = YES;
				GCC_WARN_UNUSED_VARIABLE = YES;
				IPHONEOS_DEPLOYMENT_TARGET = 9.3;
				MTL_ENABLE_DEBUG_INFO = NO;
				SDKROOT = iphoneos;
				TARGETED_DEVICE_FAMILY = "1,2";
				VALIDATE_PRODUCT = YES;
			};
			name = Release;
		};
		8DC063EF1CE0669400337AD4 /* Debug */ = {
			isa = XCBuildConfiguration;
			buildSettings = {
				ASSETCATALOG_COMPILER_APPICON_NAME = AppIcon;
				INFOPLIST_FILE = DZRequestDemo/Info.plist;
				IPHONEOS_DEPLOYMENT_TARGET = 7.0;
				LD_RUNPATH_SEARCH_PATHS = "$(inherited) @executable_path/Frameworks";
				PRODUCT_BUNDLE_IDENTIFIER = dazuo.github.io.DZRequestDemo;
				PRODUCT_NAME = "$(TARGET_NAME)";
			};
			name = Debug;
		};
		8DC063F01CE0669400337AD4 /* Release */ = {
			isa = XCBuildConfiguration;
			buildSettings = {
				ASSETCATALOG_COMPILER_APPICON_NAME = AppIcon;
				INFOPLIST_FILE = DZRequestDemo/Info.plist;
				IPHONEOS_DEPLOYMENT_TARGET = 7.0;
				LD_RUNPATH_SEARCH_PATHS = "$(inherited) @executable_path/Frameworks";
				PRODUCT_BUNDLE_IDENTIFIER = dazuo.github.io.DZRequestDemo;
				PRODUCT_NAME = "$(TARGET_NAME)";
			};
			name = Release;
		};
/* End XCBuildConfiguration section */

/* Begin XCConfigurationList section */
		8DC063D21CE0669400337AD4 /* Build configuration list for PBXProject "DZRequestDemo" */ = {
			isa = XCConfigurationList;
			buildConfigurations = (
				8DC063EC1CE0669400337AD4 /* Debug */,
				8DC063ED1CE0669400337AD4 /* Release */,
			);
			defaultConfigurationIsVisible = 0;
			defaultConfigurationName = Release;
		};
		8DC063EE1CE0669400337AD4 /* Build configuration list for PBXNativeTarget "DZRequestDemo" */ = {
			isa = XCConfigurationList;
			buildConfigurations = (
				8DC063EF1CE0669400337AD4 /* Debug */,
				8DC063F01CE0669400337AD4 /* Release */,
			);
			defaultConfigurationIsVisible = 0;
			defaultConfigurationName = Release;
		};
/* End XCConfigurationList section */
	};
	rootObject = 8DC063CF1CE0669400337AD4 /* Project object */;
}
